%{"bbmustache": {:hex, :bbmustache, "1.0.4"},
  "certifi": {:hex, :certifi, "0.4.0"},
  "cf": {:hex, :cf, "0.2.1"},
  "combine": {:hex, :combine, "0.7.0"},
  "commander": {:hex, :commander, "0.1.1"},
  "conform": {:hex, :conform, "2.0.0"},
  "conform_exrm": {:hex, :conform_exrm, "1.0.0"},
  "cowboy": {:hex, :cowboy, "1.0.4"},
  "cowlib": {:hex, :cowlib, "1.0.2"},
  "dublin_bus_api": {:hex, :dublin_bus_api, "0.1.7"},
  "edib": {:hex, :edib, "0.7.0"},
  "erlware_commons": {:hex, :erlware_commons, "0.19.0"},
  "exfswatch": {:hex, :exfswatch, "0.1.1"},
  "exrm": {:hex, :exrm, "1.0.4"},
  "exsync": {:hex, :exsync, "0.1.2"},
  "floki": {:hex, :floki, "0.8.0"},
  "fs": {:hex, :fs, "0.9.2"},
  "getopt": {:hex, :getopt, "0.8.2"},
  "gettext": {:hex, :gettext, "0.11.0"},
  "hackney": {:hex, :hackney, "1.6.0"},
  "httpoison": {:hex, :httpoison, "0.8.3"},
  "idna": {:hex, :idna, "1.2.0"},
  "maru": {:hex, :maru, "0.9.6"},
  "metrics": {:hex, :metrics, "1.0.1"},
  "mimerl": {:hex, :mimerl, "1.0.2"},
  "mochiweb_html": {:hex, :mochiweb_html, "2.13.0"},
  "nadia": {:hex, :nadia, "0.4.0"},
  "neotoma": {:hex, :neotoma, "1.7.3"},
  "plug": {:hex, :plug, "1.1.4"},
  "poison": {:hex, :poison, "1.5.2"},
  "providers": {:hex, :providers, "1.6.0"},
  "quantum": {:hex, :quantum, "1.7.1"},
  "ranch": {:hex, :ranch, "1.2.1"},
  "relx": {:hex, :relx, "3.19.0"},
  "ssl_verify_fun": {:hex, :ssl_verify_fun, "1.1.0"},
  "timex": {:hex, :timex, "2.1.4"},
  "tzdata": {:hex, :tzdata, "0.5.7"}}
